
Microsoft Visual Studio Solution File, Format Version 12.00
# Visual Studio Version 16
VisualStudioVersion = 16.0.29009.5
MinimumVisualStudioVersion = 10.0.40219.1
Project("{FAE04EC0-301F-11D3-BF4B-00C04F79EFBC}") = "Axinom.Drm.BearerAuthLicenseServerProxy", "Axinom.Drm.BearerAuthLicenseServerProxy\Axinom.Drm.BearerAuthLicenseServerProxy.csproj", "{01A26112-FEBF-4CB0-B5CC-4ACC09A40EA2}"
EndProject
Global
	GlobalSection(SolutionConfigurationPlatforms) = preSolution
		Debug|Any CPU = Debug|Any CPU
		Release|Any CPU = Release|Any CPU
	EndGlobalSection
	GlobalSection(ProjectConfigurationPlatforms) = postSolution
		{01A26112-FEBF-4CB0-B5CC-4ACC09A40EA2}.Debug|Any CPU.ActiveCfg = Debug|Any CPU
		{01A26112-FEBF-4CB0-B5CC-4ACC09A40EA2}.Debug|Any CPU.Build.0 = Debug|Any CPU
		{01A26112-FEBF-4CB0-B5CC-4ACC09A40EA2}.Release|Any CPU.ActiveCfg = Release|Any CPU
		{01A26112-FEBF-4CB0-B5CC-4ACC09A40EA2}.Release|Any CPU.Build.0 = Release|Any CPU
	EndGlobalSection
	GlobalSection(SolutionProperties) = preSolution
		HideSolutionNode = FALSE
	EndGlobalSection
	GlobalSection(ExtensibilityGlobals) = postSolution
		SolutionGuid = {DFB9B3EC-C7D5-4889-8852-82B7868650FA}
	EndGlobalSection
EndGlobal
